
Microsoft Visual Studio Solution File, Format Version 12.00
# Visual Studio 14
VisualStudioVersion = 14.0.25420.1
MinimumVisualStudioVersion = 10.0.40219.1
Project("{F14B399A-7131-4C87-9E4B-1186C45EF12D}") = "Report2", "Report2\Report2.rptproj", "{224F7875-3E18-4E81-917F-F34EFE86C41E}"
EndProject
Global
	GlobalSection(SolutionConfigurationPlatforms) = preSolution
		Debug|Default = Debug|Default
		DebugLocal|Default = DebugLocal|Default
		Release|Default = Release|Default
	EndGlobalSection
	GlobalSection(ProjectConfigurationPlatforms) = postSolution
		{224F7875-3E18-4E81-917F-F34EFE86C41E}.Debug|Default.ActiveCfg = Debug
		{224F7875-3E18-4E81-917F-F34EFE86C41E}.Debug|Default.Build.0 = Debug
		{224F7875-3E18-4E81-917F-F34EFE86C41E}.Debug|Default.Deploy.0 = Debug
		{224F7875-3E18-4E81-917F-F34EFE86C41E}.DebugLocal|Default.ActiveCfg = DebugLocal
		{224F7875-3E18-4E81-917F-F34EFE86C41E}.DebugLocal|Default.Build.0 = DebugLocal
		{224F7875-3E18-4E81-917F-F34EFE86C41E}.Release|Default.ActiveCfg = Release
		{224F7875-3E18-4E81-917F-F34EFE86C41E}.Release|Default.Build.0 = Release
		{224F7875-3E18-4E81-917F-F34EFE86C41E}.Release|Default.Deploy.0 = Release
	EndGlobalSection
	GlobalSection(SolutionProperties) = preSolution
		HideSolutionNode = FALSE
	EndGlobalSection
EndGlobal
